
Microsoft Visual Studio Solution File, Format Version 12.00
# Visual Studio Version 16
VisualStudioVersion = 16.0.32106.194
MinimumVisualStudioVersion = 10.0.40219.1
Project("{9A19103F-16F7-4668-BE54-9A1E7A4F7556}") = "ConsoleApplication", "ConsoleApplication\ConsoleApplication.csproj", "{F779A9D1-2CE5-4A47-B934-E93F51590FDE}"
EndProject
Global
	GlobalSection(SolutionConfigurationPlatforms) = preSolution
		Debug|x64 = Debug|x64
		Release|x64 = Release|x64
	EndGlobalSection
	GlobalSection(ProjectConfigurationPlatforms) = postSolution
		{F779A9D1-2CE5-4A47-B934-E93F51590FDE}.Debug|x64.ActiveCfg = Debug|x64
		{F779A9D1-2CE5-4A47-B934-E93F51590FDE}.Debug|x64.Build.0 = Debug|x64
		{F779A9D1-2CE5-4A47-B934-E93F51590FDE}.Release|x64.ActiveCfg = Release|x64
		{F779A9D1-2CE5-4A47-B934-E93F51590FDE}.Release|x64.Build.0 = Release|x64
	EndGlobalSection
	GlobalSection(SolutionProperties) = preSolution
		HideSolutionNode = FALSE
	EndGlobalSection
	GlobalSection(ExtensibilityGlobals) = postSolution
		SolutionGuid = {DA7A287E-90F2-47E8-AE88-BB1EAC3B98C0}
	EndGlobalSection
EndGlobal
